// !$*UTF8*$!
{
	archiveVersion = 1;
	classes = {
	};
	objectVersion = 56;
	objects = {

/* Begin PBXBuildFile section */
		40601CED2A9A91860052CB71 /* RMService.swift in Sources */ = {isa = PBXBuildFile; fileRef = 40601CEC2A9A91860052CB71 /* RMService.swift */; };
		40601CEF2A9A91A70052CB71 /* RMRequest.swift in Sources */ = {isa = PBXBuildFile; fileRef = 40601CEE2A9A91A70052CB71 /* RMRequest.swift */; };
		40601CF62A9A92C60052CB71 /* RMEndpoint.swift in Sources */ = {isa = PBXBuildFile; fileRef = 40601CF52A9A92C60052CB71 /* RMEndpoint.swift */; };
		40B4497E2A991CC1005678C8 /* AppDelegate.swift in Sources */ = {isa = PBXBuildFile; fileRef = 40B4497D2A991CC1005678C8 /* AppDelegate.swift */; };
		40B449802A991CC1005678C8 /* SceneDelegate.swift in Sources */ = {isa = PBXBuildFile; fileRef = 40B4497F2A991CC1005678C8 /* SceneDelegate.swift */; };
		40B449822A991CC1005678C8 /* RMTabViewController.swift in Sources */ = {isa = PBXBuildFile; fileRef = 40B449812A991CC1005678C8 /* RMTabViewController.swift */; };
		40B449872A991CC2005678C8 /* Assets.xcassets in Resources */ = {isa = PBXBuildFile; fileRef = 40B449862A991CC2005678C8 /* Assets.xcassets */; };
		40B4498A2A991CC2005678C8 /* LaunchScreen.storyboard in Resources */ = {isa = PBXBuildFile; fileRef = 40B449882A991CC2005678C8 /* LaunchScreen.storyboard */; };
		40B4499A2A991E7F005678C8 /* RMLocation.swift in Sources */ = {isa = PBXBuildFile; fileRef = 40B449992A991E7F005678C8 /* RMLocation.swift */; };
		40B4499C2A991E93005678C8 /* RMCharacter.swift in Sources */ = {isa = PBXBuildFile; fileRef = 40B4499B2A991E93005678C8 /* RMCharacter.swift */; };
		40B449A12A991FA8005678C8 /* RMCharacterViewController.swift in Sources */ = {isa = PBXBuildFile; fileRef = 40B449A02A991FA8005678C8 /* RMCharacterViewController.swift */; };
		40B449A32A991FDA005678C8 /* RMLocationViewController.swift in Sources */ = {isa = PBXBuildFile; fileRef = 40B449A22A991FDA005678C8 /* RMLocationViewController.swift */; };
		40B449A62A991FF6005678C8 /* RMEpisodeViewController.swift in Sources */ = {isa = PBXBuildFile; fileRef = 40B449A52A991FF6005678C8 /* RMEpisodeViewController.swift */; };
		40B449A82A99200E005678C8 /* RMSettingsViewController.swift in Sources */ = {isa = PBXBuildFile; fileRef = 40B449A72A99200E005678C8 /* RMSettingsViewController.swift */; };
		40D3EBD22A9BD7E6004813FD /* RMOrigin.swift in Sources */ = {isa = PBXBuildFile; fileRef = 40D3EBD12A9BD7E6004813FD /* RMOrigin.swift */; };
		40D3EBD42A9BD862004813FD /* RMEpisode.swift in Sources */ = {isa = PBXBuildFile; fileRef = 40D3EBD32A9BD862004813FD /* RMEpisode.swift */; };
		40D3EBD62A9BD8BC004813FD /* RMSingleLocation.swift in Sources */ = {isa = PBXBuildFile; fileRef = 40D3EBD52A9BD8BC004813FD /* RMSingleLocation.swift */; };
		40D3EBD82A9BDA55004813FD /* RMCharacterStatus.swift in Sources */ = {isa = PBXBuildFile; fileRef = 40D3EBD72A9BDA55004813FD /* RMCharacterStatus.swift */; };
		40D3EBDA2A9BDA8A004813FD /* RMCharacterGender.swift in Sources */ = {isa = PBXBuildFile; fileRef = 40D3EBD92A9BDA8A004813FD /* RMCharacterGender.swift */; };
/* End PBXBuildFile section */

/* Begin PBXFileReference section */
		40601CEC2A9A91860052CB71 /* RMService.swift */ = {isa = PBXFileReference; lastKnownFileType = sourcecode.swift; path = RMService.swift; sourceTree = "<group>"; };
		40601CEE2A9A91A70052CB71 /* RMRequest.swift */ = {isa = PBXFileReference; lastKnownFileType = sourcecode.swift; path = RMRequest.swift; sourceTree = "<group>"; };
		40601CF52A9A92C60052CB71 /* RMEndpoint.swift */ = {isa = PBXFileReference; lastKnownFileType = sourcecode.swift; path = RMEndpoint.swift; sourceTree = "<group>"; };
		40B4497A2A991CC1005678C8 /* RickAndMorty.app */ = {isa = PBXFileReference; explicitFileType = wrapper.application; includeInIndex = 0; path = RickAndMorty.app; sourceTree = BUILT_PRODUCTS_DIR; };
		40B4497D2A991CC1005678C8 /* AppDelegate.swift */ = {isa = PBXFileReference; lastKnownFileType = sourcecode.swift; path = AppDelegate.swift; sourceTree = "<group>"; };
		40B4497F2A991CC1005678C8 /* SceneDelegate.swift */ = {isa = PBXFileReference; lastKnownFileType = sourcecode.swift; path = SceneDelegate.swift; sourceTree = "<group>"; };
		40B449812A991CC1005678C8 /* RMTabViewController.swift */ = {isa = PBXFileReference; lastKnownFileType = sourcecode.swift; path = RMTabViewController.swift; sourceTree = "<group>"; };
		40B449862A991CC2005678C8 /* Assets.xcassets */ = {isa = PBXFileReference; lastKnownFileType = folder.assetcatalog; path = Assets.xcassets; sourceTree = "<group>"; };
		40B449892A991CC2005678C8 /* Base */ = {isa = PBXFileReference; lastKnownFileType = file.storyboard; name = Base; path = Base.lproj/LaunchScreen.storyboard; sourceTree = "<group>"; };
		40B4498B2A991CC2005678C8 /* Info.plist */ = {isa = PBXFileReference; lastKnownFileType = text.plist.xml; path = Info.plist; sourceTree = "<group>"; };
		40B449992A991E7F005678C8 /* RMLocation.swift */ = {isa = PBXFileReference; lastKnownFileType = sourcecode.swift; path = RMLocation.swift; sourceTree = "<group>"; };
		40B4499B2A991E93005678C8 /* RMCharacter.swift */ = {isa = PBXFileReference; lastKnownFileType = sourcecode.swift; path = RMCharacter.swift; sourceTree = "<group>"; };
		40B449A02A991FA8005678C8 /* RMCharacterViewController.swift */ = {isa = PBXFileReference; lastKnownFileType = sourcecode.swift; path = RMCharacterViewController.swift; sourceTree = "<group>"; };
		40B449A22A991FDA005678C8 /* RMLocationViewController.swift */ = {isa = PBXFileReference; lastKnownFileType = sourcecode.swift; path = RMLocationViewController.swift; sourceTree = "<group>"; };
		40B449A52A991FF6005678C8 /* RMEpisodeViewController.swift */ = {isa = PBXFileReference; lastKnownFileType = sourcecode.swift; path = RMEpisodeViewController.swift; sourceTree = "<group>"; };
		40B449A72A99200E005678C8 /* RMSettingsViewController.swift */ = {isa = PBXFileReference; lastKnownFileType = sourcecode.swift; path = RMSettingsViewController.swift; sourceTree = "<group>"; };
		40D3EBD12A9BD7E6004813FD /* RMOrigin.swift */ = {isa = PBXFileReference; lastKnownFileType = sourcecode.swift; path = RMOrigin.swift; sourceTree = "<group>"; };
		40D3EBD32A9BD862004813FD /* RMEpisode.swift */ = {isa = PBXFileReference; lastKnownFileType = sourcecode.swift; path = RMEpisode.swift; sourceTree = "<group>"; };
		40D3EBD52A9BD8BC004813FD /* RMSingleLocation.swift */ = {isa = PBXFileReference; lastKnownFileType = sourcecode.swift; path = RMSingleLocation.swift; sourceTree = "<group>"; };
		40D3EBD72A9BDA55004813FD /* RMCharacterStatus.swift */ = {isa = PBXFileReference; lastKnownFileType = sourcecode.swift; path = RMCharacterStatus.swift; sourceTree = "<group>"; };
		40D3EBD92A9BDA8A004813FD /* RMCharacterGender.swift */ = {isa = PBXFileReference; lastKnownFileType = sourcecode.swift; path = RMCharacterGender.swift; sourceTree = "<group>"; };
/* End PBXFileReference section */

/* Begin PBXFrameworksBuildPhase section */
		40B449772A991CC1005678C8 /* Frameworks */ = {
			isa = PBXFrameworksBuildPhase;
			buildActionMask = 2147483647;
			files = (
			);
			runOnlyForDeploymentPostprocessing = 0;
		};
/* End PBXFrameworksBuildPhase section */

/* Begin PBXGroup section */
		40B449712A991CC1005678C8 = {
			isa = PBXGroup;
			children = (
				40B4497C2A991CC1005678C8 /* RickAndMorty */,
				40B4497B2A991CC1005678C8 /* Products */,
			);
			sourceTree = "<group>";
		};
		40B4497B2A991CC1005678C8 /* Products */ = {
			isa = PBXGroup;
			children = (
				40B4497A2A991CC1005678C8 /* RickAndMorty.app */,
			);
			name = Products;
			sourceTree = "<group>";
		};
		40B4497C2A991CC1005678C8 /* RickAndMorty */ = {
			isa = PBXGroup;
			children = (
				40B449912A991DD4005678C8 /* Resources */,
				40B449932A991DF4005678C8 /* Managers */,
				40B449942A991DFE005678C8 /* APIClient */,
				40B449952A991E07005678C8 /* ViewModels */,
				40B449962A991E17005678C8 /* Views */,
				40B449972A991E1E005678C8 /* Models */,
				40B449982A991E26005678C8 /* Controllers */,
				40B4498B2A991CC2005678C8 /* Info.plist */,
			);
			path = RickAndMorty;
			sourceTree = "<group>";
		};
		40B449912A991DD4005678C8 /* Resources */ = {
			isa = PBXGroup;
			children = (
				40B4497D2A991CC1005678C8 /* AppDelegate.swift */,
				40B4497F2A991CC1005678C8 /* SceneDelegate.swift */,
				40B449862A991CC2005678C8 /* Assets.xcassets */,
				40B449882A991CC2005678C8 /* LaunchScreen.storyboard */,
			);
			path = Resources;
			sourceTree = "<group>";
		};
		40B449932A991DF4005678C8 /* Managers */ = {
			isa = PBXGroup;
			children = (
			);
			path = Managers;
			sourceTree = "<group>";
		};
		40B449942A991DFE005678C8 /* APIClient */ = {
			isa = PBXGroup;
			children = (
				40601CEC2A9A91860052CB71 /* RMService.swift */,
				40601CEE2A9A91A70052CB71 /* RMRequest.swift */,
				40601CF52A9A92C60052CB71 /* RMEndpoint.swift */,
			);
			path = APIClient;
			sourceTree = "<group>";
		};
		40B449952A991E07005678C8 /* ViewModels */ = {
			isa = PBXGroup;
			children = (
			);
			path = ViewModels;
			sourceTree = "<group>";
		};
		40B449962A991E17005678C8 /* Views */ = {
			isa = PBXGroup;
			children = (
			);
			path = Views;
			sourceTree = "<group>";
		};
		40B449972A991E1E005678C8 /* Models */ = {
			isa = PBXGroup;
			children = (
				40B449992A991E7F005678C8 /* RMLocation.swift */,
				40B4499B2A991E93005678C8 /* RMCharacter.swift */,
				40D3EBD32A9BD862004813FD /* RMEpisode.swift */,
				40D3EBD12A9BD7E6004813FD /* RMOrigin.swift */,
				40D3EBD52A9BD8BC004813FD /* RMSingleLocation.swift */,
				40D3EBD72A9BDA55004813FD /* RMCharacterStatus.swift */,
				40D3EBD92A9BDA8A004813FD /* RMCharacterGender.swift */,
			);
			path = Models;
			sourceTree = "<group>";
		};
		40B449982A991E26005678C8 /* Controllers */ = {
			isa = PBXGroup;
			children = (
				40B4499F2A991F5E005678C8 /* Core */,
			);
			path = Controllers;
			sourceTree = "<group>";
		};
		40B4499F2A991F5E005678C8 /* Core */ = {
			isa = PBXGroup;
			children = (
				40B449812A991CC1005678C8 /* RMTabViewController.swift */,
				40B449A02A991FA8005678C8 /* RMCharacterViewController.swift */,
				40B449A22A991FDA005678C8 /* RMLocationViewController.swift */,
				40B449A52A991FF6005678C8 /* RMEpisodeViewController.swift */,
				40B449A72A99200E005678C8 /* RMSettingsViewController.swift */,
			);
			path = Core;
			sourceTree = "<group>";
		};
/* End PBXGroup section */

/* Begin PBXNativeTarget section */
		40B449792A991CC1005678C8 /* RickAndMorty */ = {
			isa = PBXNativeTarget;
			buildConfigurationList = 40B4498E2A991CC2005678C8 /* Build configuration list for PBXNativeTarget "RickAndMorty" */;
			buildPhases = (
				40B449762A991CC1005678C8 /* Sources */,
				40B449772A991CC1005678C8 /* Frameworks */,
				40B449782A991CC1005678C8 /* Resources */,
			);
			buildRules = (
			);
			dependencies = (
			);
			name = RickAndMorty;
			productName = RickAndMorty;
			productReference = 40B4497A2A991CC1005678C8 /* RickAndMorty.app */;
			productType = "com.apple.product-type.application";
		};
/* End PBXNativeTarget section */

/* Begin PBXProject section */
		40B449722A991CC1005678C8 /* Project object */ = {
			isa = PBXProject;
			attributes = {
				BuildIndependentTargetsInParallel = 1;
				LastSwiftUpdateCheck = 1430;
				LastUpgradeCheck = 1430;
				TargetAttributes = {
					40B449792A991CC1005678C8 = {
						CreatedOnToolsVersion = 14.3.1;
					};
				};
			};
			buildConfigurationList = 40B449752A991CC1005678C8 /* Build configuration list for PBXProject "RickAndMorty" */;
			compatibilityVersion = "Xcode 14.0";
			developmentRegion = en;
			hasScannedForEncodings = 0;
			knownRegions = (
				en,
				Base,
			);
			mainGroup = 40B449712A991CC1005678C8;
			productRefGroup = 40B4497B2A991CC1005678C8 /* Products */;
			projectDirPath = "";
			projectRoot = "";
			targets = (
				40B449792A991CC1005678C8 /* RickAndMorty */,
			);
		};
/* End PBXProject section */

/* Begin PBXResourcesBuildPhase section */
		40B449782A991CC1005678C8 /* Resources */ = {
			isa = PBXResourcesBuildPhase;
			buildActionMask = 2147483647;
			files = (
				40B4498A2A991CC2005678C8 /* LaunchScreen.storyboard in Resources */,
				40B449872A991CC2005678C8 /* Assets.xcassets in Resources */,
			);
			runOnlyForDeploymentPostprocessing = 0;
		};
/* End PBXResourcesBuildPhase section */

/* Begin PBXSourcesBuildPhase section */
		40B449762A991CC1005678C8 /* Sources */ = {
			isa = PBXSourcesBuildPhase;
			buildActionMask = 2147483647;
			files = (
				40D3EBD22A9BD7E6004813FD /* RMOrigin.swift in Sources */,
				40D3EBD62A9BD8BC004813FD /* RMSingleLocation.swift in Sources */,
				40D3EBD82A9BDA55004813FD /* RMCharacterStatus.swift in Sources */,
				40D3EBDA2A9BDA8A004813FD /* RMCharacterGender.swift in Sources */,
				40B449A32A991FDA005678C8 /* RMLocationViewController.swift in Sources */,
				40B449822A991CC1005678C8 /* RMTabViewController.swift in Sources */,
				40B4497E2A991CC1005678C8 /* AppDelegate.swift in Sources */,
				40B449A62A991FF6005678C8 /* RMEpisodeViewController.swift in Sources */,
				40B4499C2A991E93005678C8 /* RMCharacter.swift in Sources */,
				40B449A82A99200E005678C8 /* RMSettingsViewController.swift in Sources */,
				40601CED2A9A91860052CB71 /* RMService.swift in Sources */,
				40B449802A991CC1005678C8 /* SceneDelegate.swift in Sources */,
				40601CF62A9A92C60052CB71 /* RMEndpoint.swift in Sources */,
				40D3EBD42A9BD862004813FD /* RMEpisode.swift in Sources */,
				40B4499A2A991E7F005678C8 /* RMLocation.swift in Sources */,
				40601CEF2A9A91A70052CB71 /* RMRequest.swift in Sources */,
				40B449A12A991FA8005678C8 /* RMCharacterViewController.swift in Sources */,
			);
			runOnlyForDeploymentPostprocessing = 0;
		};
/* End PBXSourcesBuildPhase section */

/* Begin PBXVariantGroup section */
		40B449882A991CC2005678C8 /* LaunchScreen.storyboard */ = {
			isa = PBXVariantGroup;
			children = (
				40B449892A991CC2005678C8 /* Base */,
			);
			name = LaunchScreen.storyboard;
			sourceTree = "<group>";
		};
/* End PBXVariantGroup section */

/* Begin XCBuildConfiguration section */
		40B4498C2A991CC2005678C8 /* Debug */ = {
			isa = XCBuildConfiguration;
			buildSettings = {
				ALWAYS_SEARCH_USER_PATHS = NO;
				CLANG_ANALYZER_NONNULL = YES;
				CLANG_ANALYZER_NUMBER_OBJECT_CONVERSION = YES_AGGRESSIVE;
				CLANG_CXX_LANGUAGE_STANDARD = "gnu++20";
				CLANG_ENABLE_MODULES = YES;
				CLANG_ENABLE_OBJC_ARC = YES;
				CLANG_ENABLE_OBJC_WEAK = YES;
				CLANG_WARN_BLOCK_CAPTURE_AUTORELEASING = YES;
				CLANG_WARN_BOOL_CONVERSION = YES;
				CLANG_WARN_COMMA = YES;
				CLANG_WARN_CONSTANT_CONVERSION = YES;
				CLANG_WARN_DEPRECATED_OBJC_IMPLEMENTATIONS = YES;
				CLANG_WARN_DIRECT_OBJC_ISA_USAGE = YES_ERROR;
				CLANG_WARN_DOCUMENTATION_COMMENTS = YES;
				CLANG_WARN_EMPTY_BODY = YES;
				CLANG_WARN_ENUM_CONVERSION = YES;
				CLANG_WARN_INFINITE_RECURSION = YES;
				CLANG_WARN_INT_CONVERSION = YES;
				CLANG_WARN_NON_LITERAL_NULL_CONVERSION = YES;
				CLANG_WARN_OBJC_IMPLICIT_RETAIN_SELF = YES;
				CLANG_WARN_OBJC_LITERAL_CONVERSION = YES;
				CLANG_WARN_OBJC_ROOT_CLASS = YES_ERROR;
				CLANG_WARN_QUOTED_INCLUDE_IN_FRAMEWORK_HEADER = YES;
				CLANG_WARN_RANGE_LOOP_ANALYSIS = YES;
				CLANG_WARN_STRICT_PROTOTYPES = YES;
				CLANG_WARN_SUSPICIOUS_MOVE = YES;
				CLANG_WARN_UNGUARDED_AVAILABILITY = YES_AGGRESSIVE;
				CLANG_WARN_UNREACHABLE_CODE = YES;
				CLANG_WARN__DUPLICATE_METHOD_MATCH = YES;
				COPY_PHASE_STRIP = NO;
				DEBUG_INFORMATION_FORMAT = dwarf;
				ENABLE_STRICT_OBJC_MSGSEND = YES;
				ENABLE_TESTABILITY = YES;
				GCC_C_LANGUAGE_STANDARD = gnu11;
				GCC_DYNAMIC_NO_PIC = NO;
				GCC_NO_COMMON_BLOCKS = YES;
				GCC_OPTIMIZATION_LEVEL = 0;
				GCC_PREPROCESSOR_DEFINITIONS = (
					"DEBUG=1",
					"$(inherited)",
				);
				GCC_WARN_64_TO_32_BIT_CONVERSION = YES;
				GCC_WARN_ABOUT_RETURN_TYPE = YES_ERROR;
				GCC_WARN_UNDECLARED_SELECTOR = YES;
				GCC_WARN_UNINITIALIZED_AUTOS = YES_AGGRESSIVE;
				GCC_WARN_UNUSED_FUNCTION = YES;
				GCC_WARN_UNUSED_VARIABLE = YES;
				IPHONEOS_DEPLOYMENT_TARGET = 16.4;
				MTL_ENABLE_DEBUG_INFO = INCLUDE_SOURCE;
				MTL_FAST_MATH = YES;
				ONLY_ACTIVE_ARCH = YES;
				SDKROOT = iphoneos;
				SWIFT_ACTIVE_COMPILATION_CONDITIONS = DEBUG;
				SWIFT_OPTIMIZATION_LEVEL = "-Onone";
			};
			name = Debug;
		};
		40B4498D2A991CC2005678C8 /* Release */ = {
			isa = XCBuildConfiguration;
			buildSettings = {
				ALWAYS_SEARCH_USER_PATHS = NO;
				CLANG_ANALYZER_NONNULL = YES;
				CLANG_ANALYZER_NUMBER_OBJECT_CONVERSION = YES_AGGRESSIVE;
				CLANG_CXX_LANGUAGE_STANDARD = "gnu++20";
				CLANG_ENABLE_MODULES = YES;
				CLANG_ENABLE_OBJC_ARC = YES;
				CLANG_ENABLE_OBJC_WEAK = YES;
				CLANG_WARN_BLOCK_CAPTURE_AUTORELEASING = YES;
				CLANG_WARN_BOOL_CONVERSION = YES;
				CLANG_WARN_COMMA = YES;
				CLANG_WARN_CONSTANT_CONVERSION = YES;
				CLANG_WARN_DEPRECATED_OBJC_IMPLEMENTATIONS = YES;
				CLANG_WARN_DIRECT_OBJC_ISA_USAGE = YES_ERROR;
				CLANG_WARN_DOCUMENTATION_COMMENTS = YES;
				CLANG_WARN_EMPTY_BODY = YES;
				CLANG_WARN_ENUM_CONVERSION = YES;
				CLANG_WARN_INFINITE_RECURSION = YES;
				CLANG_WARN_INT_CONVERSION = YES;
				CLANG_WARN_NON_LITERAL_NULL_CONVERSION = YES;
				CLANG_WARN_OBJC_IMPLICIT_RETAIN_SELF = YES;
				CLANG_WARN_OBJC_LITERAL_CONVERSION = YES;
				CLANG_WARN_OBJC_ROOT_CLASS = YES_ERROR;
				CLANG_WARN_QUOTED_INCLUDE_IN_FRAMEWORK_HEADER = YES;
				CLANG_WARN_RANGE_LOOP_ANALYSIS = YES;
				CLANG_WARN_STRICT_PROTOTYPES = YES;
				CLANG_WARN_SUSPICIOUS_MOVE = YES;
				CLANG_WARN_UNGUARDED_AVAILABILITY = YES_AGGRESSIVE;
				CLANG_WARN_UNREACHABLE_CODE = YES;
				CLANG_WARN__DUPLICATE_METHOD_MATCH = YES;
				COPY_PHASE_STRIP = NO;
				DEBUG_INFORMATION_FORMAT = "dwarf-with-dsym";
				ENABLE_NS_ASSERTIONS = NO;
				ENABLE_STRICT_OBJC_MSGSEND = YES;
				GCC_C_LANGUAGE_STANDARD = gnu11;
				GCC_NO_COMMON_BLOCKS = YES;
				GCC_WARN_64_TO_32_BIT_CONVERSION = YES;
				GCC_WARN_ABOUT_RETURN_TYPE = YES_ERROR;
				GCC_WARN_UNDECLARED_SELECTOR = YES;
				GCC_WARN_UNINITIALIZED_AUTOS = YES_AGGRESSIVE;
				GCC_WARN_UNUSED_FUNCTION = YES;
				GCC_WARN_UNUSED_VARIABLE = YES;
				IPHONEOS_DEPLOYMENT_TARGET = 16.4;
				MTL_ENABLE_DEBUG_INFO = NO;
				MTL_FAST_MATH = YES;
				SDKROOT = iphoneos;
				SWIFT_COMPILATION_MODE = wholemodule;
				SWIFT_OPTIMIZATION_LEVEL = "-O";
				VALIDATE_PRODUCT = YES;
			};
			name = Release;
		};
		40B4498F2A991CC2005678C8 /* Debug */ = {
			isa = XCBuildConfiguration;
			buildSettings = {
				ASSETCATALOG_COMPILER_APPICON_NAME = AppIcon;
				ASSETCATALOG_COMPILER_GLOBAL_ACCENT_COLOR_NAME = AccentColor;
				CODE_SIGN_STYLE = Automatic;
				CURRENT_PROJECT_VERSION = 1;
				GENERATE_INFOPLIST_FILE = YES;
				INFOPLIST_FILE = RickAndMorty/Info.plist;
				INFOPLIST_KEY_UIApplicationSupportsIndirectInputEvents = YES;
				INFOPLIST_KEY_UILaunchStoryboardName = LaunchScreen;
				INFOPLIST_KEY_UISupportedInterfaceOrientations_iPad = "UIInterfaceOrientationPortrait UIInterfaceOrientationPortraitUpsideDown UIInterfaceOrientationLandscapeLeft UIInterfaceOrientationLandscapeRight";
				INFOPLIST_KEY_UISupportedInterfaceOrientations_iPhone = "UIInterfaceOrientationPortrait UIInterfaceOrientationLandscapeLeft UIInterfaceOrientationLandscapeRight";
				LD_RUNPATH_SEARCH_PATHS = (
					"$(inherited)",
					"@executable_path/Frameworks",
				);
				MARKETING_VERSION = 1.0;
				PRODUCT_BUNDLE_IDENTIFIER = com.example.RickAndMorty;
				PRODUCT_NAME = "$(TARGET_NAME)";
				SWIFT_EMIT_LOC_STRINGS = YES;
				SWIFT_VERSION = 5.0;
				TARGETED_DEVICE_FAMILY = "1,2";
			};
			name = Debug;
		};
		40B449902A991CC2005678C8 /* Release */ = {
			isa = XCBuildConfiguration;
			buildSettings = {
				ASSETCATALOG_COMPILER_APPICON_NAME = AppIcon;
				ASSETCATALOG_COMPILER_GLOBAL_ACCENT_COLOR_NAME = AccentColor;
				CODE_SIGN_STYLE = Automatic;
				CURRENT_PROJECT_VERSION = 1;
				GENERATE_INFOPLIST_FILE = YES;
				INFOPLIST_FILE = RickAndMorty/Info.plist;
				INFOPLIST_KEY_UIApplicationSupportsIndirectInputEvents = YES;
				INFOPLIST_KEY_UILaunchStoryboardName = LaunchScreen;
				INFOPLIST_KEY_UISupportedInterfaceOrientations_iPad = "UIInterfaceOrientationPortrait UIInterfaceOrientationPortraitUpsideDown UIInterfaceOrientationLandscapeLeft UIInterfaceOrientationLandscapeRight";
				INFOPLIST_KEY_UISupportedInterfaceOrientations_iPhone = "UIInterfaceOrientationPortrait UIInterfaceOrientationLandscapeLeft UIInterfaceOrientationLandscapeRight";
				LD_RUNPATH_SEARCH_PATHS = (
					"$(inherited)",
					"@executable_path/Frameworks",
				);
				MARKETING_VERSION = 1.0;
				PRODUCT_BUNDLE_IDENTIFIER = com.example.RickAndMorty;
				PRODUCT_NAME = "$(TARGET_NAME)";
				SWIFT_EMIT_LOC_STRINGS = YES;
				SWIFT_VERSION = 5.0;
				TARGETED_DEVICE_FAMILY = "1,2";
			};
			name = Release;
		};
/* End XCBuildConfiguration section */

/* Begin XCConfigurationList section */
		40B449752A991CC1005678C8 /* Build configuration list for PBXProject "RickAndMorty" */ = {
			isa = XCConfigurationList;
			buildConfigurations = (
				40B4498C2A991CC2005678C8 /* Debug */,
				40B4498D2A991CC2005678C8 /* Release */,
			);
			defaultConfigurationIsVisible = 0;
			defaultConfigurationName = Release;
		};
		40B4498E2A991CC2005678C8 /* Build configuration list for PBXNativeTarget "RickAndMorty" */ = {
			isa = XCConfigurationList;
			buildConfigurations = (
				40B4498F2A991CC2005678C8 /* Debug */,
				40B449902A991CC2005678C8 /* Release */,
			);
			defaultConfigurationIsVisible = 0;
			defaultConfigurationName = Release;
		};
/* End XCConfigurationList section */
	};
	rootObject = 40B449722A991CC1005678C8 /* Project object */;
}
